
Microsoft Visual Studio Solution File, Format Version 12.00
# Visual Studio Version 17
VisualStudioVersion = 17.12.35527.113 d17.12
MinimumVisualStudioVersion = 10.0.40219.1
Project("{FAE04EC0-301F-11D3-BF4B-00C04F79EFBC}") = "CatalogoAPI", "CatalogoAPI\CatalogoAPI.csproj", "{5D0DBC7E-BB3C-4BF8-A8C2-4DF639054EBC}"
EndProject
Global
	GlobalSection(SolutionConfigurationPlatforms) = preSolution
		Debug|Any CPU = Debug|Any CPU
		Release|Any CPU = Release|Any CPU
	EndGlobalSection
	GlobalSection(ProjectConfigurationPlatforms) = postSolution
		{5D0DBC7E-BB3C-4BF8-A8C2-4DF639054EBC}.Debug|Any CPU.ActiveCfg = Debug|Any CPU
		{5D0DBC7E-BB3C-4BF8-A8C2-4DF639054EBC}.Debug|Any CPU.Build.0 = Debug|Any CPU
		{5D0DBC7E-BB3C-4BF8-A8C2-4DF639054EBC}.Release|Any CPU.ActiveCfg = Release|Any CPU
		{5D0DBC7E-BB3C-4BF8-A8C2-4DF639054EBC}.Release|Any CPU.Build.0 = Release|Any CPU
	EndGlobalSection
	GlobalSection(SolutionProperties) = preSolution
		HideSolutionNode = FALSE
	EndGlobalSection
EndGlobal
